
Microsoft Visual Studio Solution File, Format Version 12.00
# Visual Studio Version 16
VisualStudioVersion = 16.0.30104.148
MinimumVisualStudioVersion = 10.0.40219.1
Project("{FAE04EC0-301F-11D3-BF4B-00C04F79EFBC}") = "Student Management systems", "Student Management systems\Student Management systems.csproj", "{15B217BF-E772-48C2-8769-F725B7216EF9}"
EndProject
Global
	GlobalSection(SolutionConfigurationPlatforms) = preSolution
		Debug|Any CPU = Debug|Any CPU
		Release|Any CPU = Release|Any CPU
	EndGlobalSection
	GlobalSection(ProjectConfigurationPlatforms) = postSolution
		{15B217BF-E772-48C2-8769-F725B7216EF9}.Debug|Any CPU.ActiveCfg = Debug|Any CPU
		{15B217BF-E772-48C2-8769-F725B7216EF9}.Debug|Any CPU.Build.0 = Debug|Any CPU
		{15B217BF-E772-48C2-8769-F725B7216EF9}.Release|Any CPU.ActiveCfg = Release|Any CPU
		{15B217BF-E772-48C2-8769-F725B7216EF9}.Release|Any CPU.Build.0 = Release|Any CPU
	EndGlobalSection
	GlobalSection(SolutionProperties) = preSolution
		HideSolutionNode = FALSE
	EndGlobalSection
	GlobalSection(ExtensibilityGlobals) = postSolution
		SolutionGuid = {F62A3C6B-D3E1-4137-BF73-633ABA17AE5A}
	EndGlobalSection
EndGlobal
